
Microsoft Visual Studio Solution File, Format Version 12.00
# Visual Studio 15
VisualStudioVersion = 15.0.26124.0
MinimumVisualStudioVersion = 15.0.26124.0
Project("{FAE04EC0-301F-11D3-BF4B-00C04F79EFBC}") = "ZooKeeperNet", "ZooKeeperNet\ZooKeeperNet.csproj", "{F9AF536D-D2E7-4820-9510-01922DDAA087}"
EndProject
Project("{FAE04EC0-301F-11D3-BF4B-00C04F79EFBC}") = "ZooKeeperNet.Tests", "ZooKeeperNet.Tests\ZooKeeperNet.Tests.csproj", "{6F7B02F4-B459-4B90-9116-4751E0862D75}"
EndProject
Project("{FAE04EC0-301F-11D3-BF4B-00C04F79EFBC}") = "ZooKeeperNet.Recipes", "ZooKeeperNet.Recipes\ZooKeeperNet.Recipes.csproj", "{52835B50-21DD-46E8-99C2-8AF0F59CE944}"
EndProject
Project("{FAE04EC0-301F-11D3-BF4B-00C04F79EFBC}") = "ZooKeeperNet.Recipes.Tests", "ZooKeeperNet.Recipes.Tests\ZooKeeperNet.Recipes.Tests.csproj", "{3C6D535B-7EB3-4E59-863D-9D40FEACE0CA}"
EndProject
Global
	GlobalSection(SolutionConfigurationPlatforms) = preSolution
		Debug|Any CPU = Debug|Any CPU
		Debug|x64 = Debug|x64
		Debug|x86 = Debug|x86
		Release|Any CPU = Release|Any CPU
		Release|x64 = Release|x64
		Release|x86 = Release|x86
	EndGlobalSection
	GlobalSection(SolutionProperties) = preSolution
		HideSolutionNode = FALSE
	EndGlobalSection
	GlobalSection(ProjectConfigurationPlatforms) = postSolution
		{F9AF536D-D2E7-4820-9510-01922DDAA087}.Debug|Any CPU.ActiveCfg = Debug|Any CPU
		{F9AF536D-D2E7-4820-9510-01922DDAA087}.Debug|Any CPU.Build.0 = Debug|Any CPU
		{F9AF536D-D2E7-4820-9510-01922DDAA087}.Debug|x64.ActiveCfg = Debug|Any CPU
		{F9AF536D-D2E7-4820-9510-01922DDAA087}.Debug|x64.Build.0 = Debug|Any CPU
		{F9AF536D-D2E7-4820-9510-01922DDAA087}.Debug|x86.ActiveCfg = Debug|Any CPU
		{F9AF536D-D2E7-4820-9510-01922DDAA087}.Debug|x86.Build.0 = Debug|Any CPU
		{F9AF536D-D2E7-4820-9510-01922DDAA087}.Release|Any CPU.ActiveCfg = Release|Any CPU
		{F9AF536D-D2E7-4820-9510-01922DDAA087}.Release|Any CPU.Build.0 = Release|Any CPU
		{F9AF536D-D2E7-4820-9510-01922DDAA087}.Release|x64.ActiveCfg = Release|Any CPU
		{F9AF536D-D2E7-4820-9510-01922DDAA087}.Release|x64.Build.0 = Release|Any CPU
		{F9AF536D-D2E7-4820-9510-01922DDAA087}.Release|x86.ActiveCfg = Release|Any CPU
		{F9AF536D-D2E7-4820-9510-01922DDAA087}.Release|x86.Build.0 = Release|Any CPU
		{6F7B02F4-B459-4B90-9116-4751E0862D75}.Debug|Any CPU.ActiveCfg = Debug|Any CPU
		{6F7B02F4-B459-4B90-9116-4751E0862D75}.Debug|Any CPU.Build.0 = Debug|Any CPU
		{6F7B02F4-B459-4B90-9116-4751E0862D75}.Debug|x64.ActiveCfg = Debug|Any CPU
		{6F7B02F4-B459-4B90-9116-4751E0862D75}.Debug|x64.Build.0 = Debug|Any CPU
		{6F7B02F4-B459-4B90-9116-4751E0862D75}.Debug|x86.ActiveCfg = Debug|Any CPU
		{6F7B02F4-B459-4B90-9116-4751E0862D75}.Debug|x86.Build.0 = Debug|Any CPU
		{6F7B02F4-B459-4B90-9116-4751E0862D75}.Release|Any CPU.ActiveCfg = Release|Any CPU
		{6F7B02F4-B459-4B90-9116-4751E0862D75}.Release|Any CPU.Build.0 = Release|Any CPU
		{6F7B02F4-B459-4B90-9116-4751E0862D75}.Release|x64.ActiveCfg = Release|Any CPU
		{6F7B02F4-B459-4B90-9116-4751E0862D75}.Release|x64.Build.0 = Release|Any CPU
		{6F7B02F4-B459-4B90-9116-4751E0862D75}.Release|x86.ActiveCfg = Release|Any CPU
		{6F7B02F4-B459-4B90-9116-4751E0862D75}.Release|x86.Build.0 = Release|Any CPU
		{52835B50-21DD-46E8-99C2-8AF0F59CE944}.Debug|Any CPU.ActiveCfg = Debug|Any CPU
		{52835B50-21DD-46E8-99C2-8AF0F59CE944}.Debug|Any CPU.Build.0 = Debug|Any CPU
		{52835B50-21DD-46E8-99C2-8AF0F59CE944}.Debug|x64.ActiveCfg = Debug|Any CPU
		{52835B50-21DD-46E8-99C2-8AF0F59CE944}.Debug|x64.Build.0 = Debug|Any CPU
		{52835B50-21DD-46E8-99C2-8AF0F59CE944}.Debug|x86.ActiveCfg = Debug|Any CPU
		{52835B50-21DD-46E8-99C2-8AF0F59CE944}.Debug|x86.Build.0 = Debug|Any CPU
		{52835B50-21DD-46E8-99C2-8AF0F59CE944}.Release|Any CPU.ActiveCfg = Release|Any CPU
		{52835B50-21DD-46E8-99C2-8AF0F59CE944}.Release|Any CPU.Build.0 = Release|Any CPU
		{52835B50-21DD-46E8-99C2-8AF0F59CE944}.Release|x64.ActiveCfg = Release|Any CPU
		{52835B50-21DD-46E8-99C2-8AF0F59CE944}.Release|x64.Build.0 = Release|Any CPU
		{52835B50-21DD-46E8-99C2-8AF0F59CE944}.Release|x86.ActiveCfg = Release|Any CPU
		{52835B50-21DD-46E8-99C2-8AF0F59CE944}.Release|x86.Build.0 = Release|Any CPU
		{3C6D535B-7EB3-4E59-863D-9D40FEACE0CA}.Debug|Any CPU.ActiveCfg = Debug|Any CPU
		{3C6D535B-7EB3-4E59-863D-9D40FEACE0CA}.Debug|Any CPU.Build.0 = Debug|Any CPU
		{3C6D535B-7EB3-4E59-863D-9D40FEACE0CA}.Debug|x64.ActiveCfg = Debug|Any CPU
		{3C6D535B-7EB3-4E59-863D-9D40FEACE0CA}.Debug|x64.Build.0 = Debug|Any CPU
		{3C6D535B-7EB3-4E59-863D-9D40FEACE0CA}.Debug|x86.ActiveCfg = Debug|Any CPU
		{3C6D535B-7EB3-4E59-863D-9D40FEACE0CA}.Debug|x86.Build.0 = Debug|Any CPU
		{3C6D535B-7EB3-4E59-863D-9D40FEACE0CA}.Release|Any CPU.ActiveCfg = Release|Any CPU
		{3C6D535B-7EB3-4E59-863D-9D40FEACE0CA}.Release|Any CPU.Build.0 = Release|Any CPU
		{3C6D535B-7EB3-4E59-863D-9D40FEACE0CA}.Release|x64.ActiveCfg = Release|Any CPU
		{3C6D535B-7EB3-4E59-863D-9D40FEACE0CA}.Release|x64.Build.0 = Release|Any CPU
		{3C6D535B-7EB3-4E59-863D-9D40FEACE0CA}.Release|x86.ActiveCfg = Release|Any CPU
		{3C6D535B-7EB3-4E59-863D-9D40FEACE0CA}.Release|x86.Build.0 = Release|Any CPU
	EndGlobalSection
EndGlobal
